
Microsoft Visual Studio Solution File, Format Version 12.00
# Visual Studio 14
VisualStudioVersion = 14.0.25420.1
MinimumVisualStudioVersion = 10.0.40219.1
Project("{FAE04EC0-301F-11D3-BF4B-00C04F79EFBC}") = "Lommeregner1", "Lommeregner1\Lommeregner1.csproj", "{AF91F703-D507-4D4F-9F17-22BE580F9B1A}"
EndProject
Global
	GlobalSection(SolutionConfigurationPlatforms) = preSolution
		Debug|Any CPU = Debug|Any CPU
		Release|Any CPU = Release|Any CPU
	EndGlobalSection
	GlobalSection(ProjectConfigurationPlatforms) = postSolution
		{AF91F703-D507-4D4F-9F17-22BE580F9B1A}.Debug|Any CPU.ActiveCfg = Debug|Any CPU
		{AF91F703-D507-4D4F-9F17-22BE580F9B1A}.Debug|Any CPU.Build.0 = Debug|Any CPU
		{AF91F703-D507-4D4F-9F17-22BE580F9B1A}.Release|Any CPU.ActiveCfg = Release|Any CPU
		{AF91F703-D507-4D4F-9F17-22BE580F9B1A}.Release|Any CPU.Build.0 = Release|Any CPU
	EndGlobalSection
	GlobalSection(SolutionProperties) = preSolution
		HideSolutionNode = FALSE
	EndGlobalSection
EndGlobal
